{
  "name": "smi-controller",
  "lockfileVersion": 2,
  "requires": true,
  "packages": {
    "": {
      "dependencies": {
        "source-code-pro": "github:adobe-fonts/source-code-pro#release"
      }
    },
    "node_modules/source-code-pro": {
      "version": "2.30.2",
      "resolved": "git+ssh://git@github.com/adobe-fonts/source-code-pro.git#72d3d0eb3567e68669a2b97904a1274ac3b376fa",
      "license": "OFL-1.1"
    }
  },
  "dependencies": {
    "source-code-pro": {
      "version": "git+ssh://git@github.com/adobe-fonts/source-code-pro.git#72d3d0eb3567e68669a2b97904a1274ac3b376fa",
      "from": "source-code-pro@github:adobe-fonts/source-code-pro#release"
    }
  }
}
